
Microsoft Visual Studio Solution File, Format Version 12.00
# Visual Studio Version 17
VisualStudioVersion = 17.8.34322.80
MinimumVisualStudioVersion = 10.0.40219.1
Project("{9A19103F-16F7-4668-BE54-9A1E7A4F7556}") = "Avalonia-XPlat.Browser", "Avalonia-XPlat\Avalonia-XPlat.Browser\Avalonia-XPlat.Browser.csproj", "{37461109-EA24-4692-B5AA-7807818BFCFD}"
EndProject
Global
	GlobalSection(SolutionConfigurationPlatforms) = preSolution
		Debug|Any CPU = Debug|Any CPU
		Release|Any CPU = Release|Any CPU
	EndGlobalSection
	GlobalSection(ProjectConfigurationPlatforms) = postSolution
		{37461109-EA24-4692-B5AA-7807818BFCFD}.Debug|Any CPU.ActiveCfg = Debug|Any CPU
		{37461109-EA24-4692-B5AA-7807818BFCFD}.Debug|Any CPU.Build.0 = Debug|Any CPU
		{37461109-EA24-4692-B5AA-7807818BFCFD}.Release|Any CPU.ActiveCfg = Release|Any CPU
		{37461109-EA24-4692-B5AA-7807818BFCFD}.Release|Any CPU.Build.0 = Release|Any CPU
	EndGlobalSection
	GlobalSection(SolutionProperties) = preSolution
		HideSolutionNode = FALSE
	EndGlobalSection
	GlobalSection(ExtensibilityGlobals) = postSolution
		SolutionGuid = {0D5EFC07-ACF8-479E-8F1E-9D5ACD88659B}
	EndGlobalSection
EndGlobal
